
Microsoft Visual Studio Solution File, Format Version 12.00
Project("{FAE04EC0-301F-11D3-BF4B-00C04F79EFBC}") = "Binateq.FeatureManagement.Flipt", "Binateq.FeatureManagement.Flipt\Binateq.FeatureManagement.Flipt.csproj", "{066FC8B0-CC0D-4433-95EF-75326C0D4FF1}"
EndProject
Project("{FAE04EC0-301F-11D3-BF4B-00C04F79EFBC}") = "Binateq.FeatureManagement.Flipt.Tests", "Binateq.FeatureManagement.Flipt.Tests\Binateq.FeatureManagement.Flipt.Tests.csproj", "{0DC79C76-244E-45FD-97C4-93A6EC317881}"
EndProject
Project("{2150E333-8FDC-42A3-9474-1A3956D46DE8}") = "doc", "doc", "{BCA62A59-5B3C-4C66-B1A1-CE6E6F76B625}"
	ProjectSection(SolutionItems) = preProject
		..\README.md = ..\README.md
	EndProjectSection
EndProject
Global
	GlobalSection(SolutionConfigurationPlatforms) = preSolution
		Debug|Any CPU = Debug|Any CPU
		Release|Any CPU = Release|Any CPU
	EndGlobalSection
	GlobalSection(ProjectConfigurationPlatforms) = postSolution
		{066FC8B0-CC0D-4433-95EF-75326C0D4FF1}.Debug|Any CPU.ActiveCfg = Debug|Any CPU
		{066FC8B0-CC0D-4433-95EF-75326C0D4FF1}.Debug|Any CPU.Build.0 = Debug|Any CPU
		{066FC8B0-CC0D-4433-95EF-75326C0D4FF1}.Release|Any CPU.ActiveCfg = Release|Any CPU
		{066FC8B0-CC0D-4433-95EF-75326C0D4FF1}.Release|Any CPU.Build.0 = Release|Any CPU
		{0DC79C76-244E-45FD-97C4-93A6EC317881}.Debug|Any CPU.ActiveCfg = Debug|Any CPU
		{0DC79C76-244E-45FD-97C4-93A6EC317881}.Debug|Any CPU.Build.0 = Debug|Any CPU
		{0DC79C76-244E-45FD-97C4-93A6EC317881}.Release|Any CPU.ActiveCfg = Release|Any CPU
		{0DC79C76-244E-45FD-97C4-93A6EC317881}.Release|Any CPU.Build.0 = Release|Any CPU
	EndGlobalSection
EndGlobal
